
Microsoft Visual Studio Solution File, Format Version 12.00
Project("{FAE04EC0-301F-11D3-BF4B-00C04F79EFBC}") = "LinkedHUCENGv2", "LinkedHUCENGv2\LinkedHUCENGv2.csproj", "{FCB25431-1A40-4EB9-9ADC-1E5C87C2CB7A}"
EndProject
Global
	GlobalSection(SolutionConfigurationPlatforms) = preSolution
		Debug|Any CPU = Debug|Any CPU
		Release|Any CPU = Release|Any CPU
	EndGlobalSection
	GlobalSection(ProjectConfigurationPlatforms) = postSolution
		{FCB25431-1A40-4EB9-9ADC-1E5C87C2CB7A}.Debug|Any CPU.ActiveCfg = Debug|Any CPU
		{FCB25431-1A40-4EB9-9ADC-1E5C87C2CB7A}.Debug|Any CPU.Build.0 = Debug|Any CPU
		{FCB25431-1A40-4EB9-9ADC-1E5C87C2CB7A}.Release|Any CPU.ActiveCfg = Release|Any CPU
		{FCB25431-1A40-4EB9-9ADC-1E5C87C2CB7A}.Release|Any CPU.Build.0 = Release|Any CPU
	EndGlobalSection
EndGlobal
